
Microsoft Visual Studio Solution File, Format Version 12.00
# Visual Studio Version 16
VisualStudioVersion = 16.0.30517.126
MinimumVisualStudioVersion = 10.0.40219.1
Project("{FAE04EC0-301F-11D3-BF4B-00C04F79EFBC}") = "REST_DuLich", "REST_DuLich.csproj", "{7D571FC5-A755-42F3-AFD0-6AF0BA311315}"
EndProject
Global
	GlobalSection(SolutionConfigurationPlatforms) = preSolution
		Debug|Any CPU = Debug|Any CPU
		Release|Any CPU = Release|Any CPU
	EndGlobalSection
	GlobalSection(ProjectConfigurationPlatforms) = postSolution
		{7D571FC5-A755-42F3-AFD0-6AF0BA311315}.Debug|Any CPU.ActiveCfg = Debug|Any CPU
		{7D571FC5-A755-42F3-AFD0-6AF0BA311315}.Debug|Any CPU.Build.0 = Debug|Any CPU
		{7D571FC5-A755-42F3-AFD0-6AF0BA311315}.Release|Any CPU.ActiveCfg = Release|Any CPU
		{7D571FC5-A755-42F3-AFD0-6AF0BA311315}.Release|Any CPU.Build.0 = Release|Any CPU
	EndGlobalSection
	GlobalSection(SolutionProperties) = preSolution
		HideSolutionNode = FALSE
	EndGlobalSection
	GlobalSection(ExtensibilityGlobals) = postSolution
		SolutionGuid = {BC4A848D-8F1B-4A95-8547-014DDDFCE58D}
	EndGlobalSection
EndGlobal
